
Microsoft Visual Studio Solution File, Format Version 12.00
# Visual Studio Version 17
VisualStudioVersion = 17.4.33122.133
MinimumVisualStudioVersion = 10.0.40219.1
Project("{FAE04EC0-301F-11D3-BF4B-00C04F79EFBC}") = "mdk 04 2", "mdk 04 2\mdk 04 2.csproj", "{7FDDBE79-D950-408A-8ACA-45FE8714198F}"
EndProject
Global
	GlobalSection(SolutionConfigurationPlatforms) = preSolution
		Debug|Any CPU = Debug|Any CPU
		Release|Any CPU = Release|Any CPU
	EndGlobalSection
	GlobalSection(ProjectConfigurationPlatforms) = postSolution
		{7FDDBE79-D950-408A-8ACA-45FE8714198F}.Debug|Any CPU.ActiveCfg = Debug|Any CPU
		{7FDDBE79-D950-408A-8ACA-45FE8714198F}.Debug|Any CPU.Build.0 = Debug|Any CPU
		{7FDDBE79-D950-408A-8ACA-45FE8714198F}.Release|Any CPU.ActiveCfg = Release|Any CPU
		{7FDDBE79-D950-408A-8ACA-45FE8714198F}.Release|Any CPU.Build.0 = Release|Any CPU
	EndGlobalSection
	GlobalSection(SolutionProperties) = preSolution
		HideSolutionNode = FALSE
	EndGlobalSection
	GlobalSection(ExtensibilityGlobals) = postSolution
		SolutionGuid = {17BDA9F7-EE0F-46AC-9527-361C860014EB}
	EndGlobalSection
EndGlobal
